
Microsoft Visual Studio Solution File, Format Version 12.00
# Visual Studio Version 17
VisualStudioVersion = 17.2.32630.192
MinimumVisualStudioVersion = 10.0.40219.1
Project("{FAE04EC0-301F-11D3-BF4B-00C04F79EFBC}") = "eCommerce.API", "eCommerce.API\eCommerce.API.csproj", "{01BAF92D-B156-4192-9482-E7ABEB16DFA9}"
EndProject
Global
	GlobalSection(SolutionConfigurationPlatforms) = preSolution
		Debug|Any CPU = Debug|Any CPU
		Release|Any CPU = Release|Any CPU
	EndGlobalSection
	GlobalSection(ProjectConfigurationPlatforms) = postSolution
		{01BAF92D-B156-4192-9482-E7ABEB16DFA9}.Debug|Any CPU.ActiveCfg = Debug|Any CPU
		{01BAF92D-B156-4192-9482-E7ABEB16DFA9}.Debug|Any CPU.Build.0 = Debug|Any CPU
		{01BAF92D-B156-4192-9482-E7ABEB16DFA9}.Release|Any CPU.ActiveCfg = Release|Any CPU
		{01BAF92D-B156-4192-9482-E7ABEB16DFA9}.Release|Any CPU.Build.0 = Release|Any CPU
	EndGlobalSection
	GlobalSection(SolutionProperties) = preSolution
		HideSolutionNode = FALSE
	EndGlobalSection
	GlobalSection(ExtensibilityGlobals) = postSolution
		SolutionGuid = {C6C6FB76-F94F-4EBC-8EC6-571FA4BEC31D}
	EndGlobalSection
EndGlobal
