
Microsoft Visual Studio Solution File, Format Version 12.00
# Visual Studio Version 17
VisualStudioVersion = 17.2.32616.157
MinimumVisualStudioVersion = 10.0.40219.1
Project("{FAE04EC0-301F-11D3-BF4B-00C04F79EFBC}") = "eCommerce.UWP", "eCommerce.UWP\eCommerce.UWP.csproj", "{83E0E82F-63F2-46CE-93FF-6C5874D94361}"
EndProject
Project("{FAE04EC0-301F-11D3-BF4B-00C04F79EFBC}") = "Library.eCommerce", "Library.eCommerce\Library.eCommerce.csproj", "{832E3662-5D49-44CA-A254-92A86328AFD6}"
EndProject
Global
	GlobalSection(SolutionConfigurationPlatforms) = preSolution
		Debug|Any CPU = Debug|Any CPU
		Debug|ARM = Debug|ARM
		Debug|ARM64 = Debug|ARM64
		Debug|x64 = Debug|x64
		Debug|x86 = Debug|x86
		Release|Any CPU = Release|Any CPU
		Release|ARM = Release|ARM
		Release|ARM64 = Release|ARM64
		Release|x64 = Release|x64
		Release|x86 = Release|x86
	EndGlobalSection
	GlobalSection(ProjectConfigurationPlatforms) = postSolution
		{83E0E82F-63F2-46CE-93FF-6C5874D94361}.Debug|Any CPU.ActiveCfg = Debug|x64
		{83E0E82F-63F2-46CE-93FF-6C5874D94361}.Debug|Any CPU.Build.0 = Debug|x64
		{83E0E82F-63F2-46CE-93FF-6C5874D94361}.Debug|Any CPU.Deploy.0 = Debug|x64
		{83E0E82F-63F2-46CE-93FF-6C5874D94361}.Debug|ARM.ActiveCfg = Debug|ARM
		{83E0E82F-63F2-46CE-93FF-6C5874D94361}.Debug|ARM.Build.0 = Debug|ARM
		{83E0E82F-63F2-46CE-93FF-6C5874D94361}.Debug|ARM.Deploy.0 = Debug|ARM
		{83E0E82F-63F2-46CE-93FF-6C5874D94361}.Debug|ARM64.ActiveCfg = Debug|ARM64
		{83E0E82F-63F2-46CE-93FF-6C5874D94361}.Debug|ARM64.Build.0 = Debug|ARM64
		{83E0E82F-63F2-46CE-93FF-6C5874D94361}.Debug|ARM64.Deploy.0 = Debug|ARM64
		{83E0E82F-63F2-46CE-93FF-6C5874D94361}.Debug|x64.ActiveCfg = Debug|x64
		{83E0E82F-63F2-46CE-93FF-6C5874D94361}.Debug|x64.Build.0 = Debug|x64
		{83E0E82F-63F2-46CE-93FF-6C5874D94361}.Debug|x64.Deploy.0 = Debug|x64
		{83E0E82F-63F2-46CE-93FF-6C5874D94361}.Debug|x86.ActiveCfg = Debug|x86
		{83E0E82F-63F2-46CE-93FF-6C5874D94361}.Debug|x86.Build.0 = Debug|x86
		{83E0E82F-63F2-46CE-93FF-6C5874D94361}.Debug|x86.Deploy.0 = Debug|x86
		{83E0E82F-63F2-46CE-93FF-6C5874D94361}.Release|Any CPU.ActiveCfg = Release|x64
		{83E0E82F-63F2-46CE-93FF-6C5874D94361}.Release|Any CPU.Build.0 = Release|x64
		{83E0E82F-63F2-46CE-93FF-6C5874D94361}.Release|Any CPU.Deploy.0 = Release|x64
		{83E0E82F-63F2-46CE-93FF-6C5874D94361}.Release|ARM.ActiveCfg = Release|ARM
		{83E0E82F-63F2-46CE-93FF-6C5874D94361}.Release|ARM.Build.0 = Release|ARM
		{83E0E82F-63F2-46CE-93FF-6C5874D94361}.Release|ARM.Deploy.0 = Release|ARM
		{83E0E82F-63F2-46CE-93FF-6C5874D94361}.Release|ARM64.ActiveCfg = Release|ARM64
		{83E0E82F-63F2-46CE-93FF-6C5874D94361}.Release|ARM64.Build.0 = Release|ARM64
		{83E0E82F-63F2-46CE-93FF-6C5874D94361}.Release|ARM64.Deploy.0 = Release|ARM64
		{83E0E82F-63F2-46CE-93FF-6C5874D94361}.Release|x64.ActiveCfg = Release|x64
		{83E0E82F-63F2-46CE-93FF-6C5874D94361}.Release|x64.Build.0 = Release|x64
		{83E0E82F-63F2-46CE-93FF-6C5874D94361}.Release|x64.Deploy.0 = Release|x64
		{83E0E82F-63F2-46CE-93FF-6C5874D94361}.Release|x86.ActiveCfg = Release|x86
		{83E0E82F-63F2-46CE-93FF-6C5874D94361}.Release|x86.Build.0 = Release|x86
		{83E0E82F-63F2-46CE-93FF-6C5874D94361}.Release|x86.Deploy.0 = Release|x86
		{832E3662-5D49-44CA-A254-92A86328AFD6}.Debug|Any CPU.ActiveCfg = Debug|x64
		{832E3662-5D49-44CA-A254-92A86328AFD6}.Debug|Any CPU.Build.0 = Debug|x64
		{832E3662-5D49-44CA-A254-92A86328AFD6}.Debug|ARM.ActiveCfg = Debug|ARM
		{832E3662-5D49-44CA-A254-92A86328AFD6}.Debug|ARM.Build.0 = Debug|ARM
		{832E3662-5D49-44CA-A254-92A86328AFD6}.Debug|ARM64.ActiveCfg = Debug|ARM64
		{832E3662-5D49-44CA-A254-92A86328AFD6}.Debug|ARM64.Build.0 = Debug|ARM64
		{832E3662-5D49-44CA-A254-92A86328AFD6}.Debug|x64.ActiveCfg = Debug|x64
		{832E3662-5D49-44CA-A254-92A86328AFD6}.Debug|x64.Build.0 = Debug|x64
		{832E3662-5D49-44CA-A254-92A86328AFD6}.Debug|x86.ActiveCfg = Debug|x86
		{832E3662-5D49-44CA-A254-92A86328AFD6}.Debug|x86.Build.0 = Debug|x86
		{832E3662-5D49-44CA-A254-92A86328AFD6}.Release|Any CPU.ActiveCfg = Release|Any CPU
		{832E3662-5D49-44CA-A254-92A86328AFD6}.Release|Any CPU.Build.0 = Release|Any CPU
		{832E3662-5D49-44CA-A254-92A86328AFD6}.Release|ARM.ActiveCfg = Release|ARM
		{832E3662-5D49-44CA-A254-92A86328AFD6}.Release|ARM.Build.0 = Release|ARM
		{832E3662-5D49-44CA-A254-92A86328AFD6}.Release|ARM64.ActiveCfg = Release|ARM64
		{832E3662-5D49-44CA-A254-92A86328AFD6}.Release|ARM64.Build.0 = Release|ARM64
		{832E3662-5D49-44CA-A254-92A86328AFD6}.Release|x64.ActiveCfg = Release|x64
		{832E3662-5D49-44CA-A254-92A86328AFD6}.Release|x64.Build.0 = Release|x64
		{832E3662-5D49-44CA-A254-92A86328AFD6}.Release|x86.ActiveCfg = Release|x86
		{832E3662-5D49-44CA-A254-92A86328AFD6}.Release|x86.Build.0 = Release|x86
	EndGlobalSection
	GlobalSection(SolutionProperties) = preSolution
		HideSolutionNode = FALSE
	EndGlobalSection
	GlobalSection(ExtensibilityGlobals) = postSolution
		SolutionGuid = {219F78DE-381E-4D0E-AD6C-8119BB0CFCFE}
	EndGlobalSection
EndGlobal
